
Microsoft Visual Studio Solution File, Format Version 12.00
# Visual Studio Version 17
VisualStudioVersion = 17.9.34622.214
MinimumVisualStudioVersion = 10.0.40219.1
Project("{9A19103F-16F7-4668-BE54-9A1E7A4F7556}") = "RestOlympe_REST", "RestOlympe_REST\RestOlympe_REST.csproj", "{5E4D637E-55C0-4C18-8F15-F5055C4C852E}"
EndProject
Project("{E53339B2-1760-4266-BCC7-CA923CBCF16C}") = "docker-compose", "docker-compose.dcproj", "{37B77C39-9350-4960-BDBC-A72257172087}"
EndProject
Global
	GlobalSection(SolutionConfigurationPlatforms) = preSolution
		Debug|Any CPU = Debug|Any CPU
		Release|Any CPU = Release|Any CPU
	EndGlobalSection
	GlobalSection(ProjectConfigurationPlatforms) = postSolution
		{5E4D637E-55C0-4C18-8F15-F5055C4C852E}.Debug|Any CPU.ActiveCfg = Debug|Any CPU
		{5E4D637E-55C0-4C18-8F15-F5055C4C852E}.Debug|Any CPU.Build.0 = Debug|Any CPU
		{5E4D637E-55C0-4C18-8F15-F5055C4C852E}.Release|Any CPU.ActiveCfg = Release|Any CPU
		{5E4D637E-55C0-4C18-8F15-F5055C4C852E}.Release|Any CPU.Build.0 = Release|Any CPU
		{37B77C39-9350-4960-BDBC-A72257172087}.Debug|Any CPU.ActiveCfg = Debug|Any CPU
		{37B77C39-9350-4960-BDBC-A72257172087}.Debug|Any CPU.Build.0 = Debug|Any CPU
		{37B77C39-9350-4960-BDBC-A72257172087}.Release|Any CPU.ActiveCfg = Release|Any CPU
		{37B77C39-9350-4960-BDBC-A72257172087}.Release|Any CPU.Build.0 = Release|Any CPU
	EndGlobalSection
	GlobalSection(SolutionProperties) = preSolution
		HideSolutionNode = FALSE
	EndGlobalSection
	GlobalSection(ExtensibilityGlobals) = postSolution
		SolutionGuid = {DD7E90B3-7413-477E-A8F2-328FE4ED3BE8}
	EndGlobalSection
EndGlobal
